// !$*UTF8*$!
{
	archiveVersion = 1;
	classes = {
	};
	objectVersion = 56;
	objects = {

/* Begin PBXBuildFile section */
		FD2405FC298A854700CC9A47 /* QuizAppApp.swift in Sources */ = {isa = PBXBuildFile; fileRef = FD2405FB298A854700CC9A47 /* QuizAppApp.swift */; };
		FD2405FE298A854700CC9A47 /* ContentView.swift in Sources */ = {isa = PBXBuildFile; fileRef = FD2405FD298A854700CC9A47 /* ContentView.swift */; };
		FD240600298A854A00CC9A47 /* Assets.xcassets in Resources */ = {isa = PBXBuildFile; fileRef = FD2405FF298A854A00CC9A47 /* Assets.xcassets */; };
		FD240603298A854A00CC9A47 /* Preview Assets.xcassets in Resources */ = {isa = PBXBuildFile; fileRef = FD240602298A854A00CC9A47 /* Preview Assets.xcassets */; };
		FD24060A298A89A200CC9A47 /* GoogleService-Info.plist in Resources */ = {isa = PBXBuildFile; fileRef = FD240609298A89A100CC9A47 /* GoogleService-Info.plist */; };
		FD24060D298A950900CC9A47 /* FirebaseAuth in Frameworks */ = {isa = PBXBuildFile; productRef = FD24060C298A950900CC9A47 /* FirebaseAuth */; };
		FD24060F298A950900CC9A47 /* FirebaseFirestore in Frameworks */ = {isa = PBXBuildFile; productRef = FD24060E298A950900CC9A47 /* FirebaseFirestore */; };
		FD240611298A950900CC9A47 /* FirebaseFirestoreSwift in Frameworks */ = {isa = PBXBuildFile; productRef = FD240610298A950900CC9A47 /* FirebaseFirestoreSwift */; };
		FD240615298A991900CC9A47 /* Home.swift in Sources */ = {isa = PBXBuildFile; fileRef = FD240614298A991900CC9A47 /* Home.swift */; };
		FD240617298A993000CC9A47 /* Info.swift in Sources */ = {isa = PBXBuildFile; fileRef = FD240616298A993000CC9A47 /* Info.swift */; };
		FDB863E3298A9F91005A1EC7 /* Question.swift in Sources */ = {isa = PBXBuildFile; fileRef = FDB863E2298A9F91005A1EC7 /* Question.swift */; };
		FDB863E5298AAF23005A1EC7 /* QuestionsView.swift in Sources */ = {isa = PBXBuildFile; fileRef = FDB863E4298AAF23005A1EC7 /* QuestionsView.swift */; };
		FDB863E8298BBA2E005A1EC7 /* CustomButton.swift in Sources */ = {isa = PBXBuildFile; fileRef = FDB863E7298BBA2E005A1EC7 /* CustomButton.swift */; };
/* End PBXBuildFile section */

/* Begin PBXFileReference section */
		FD2405F8298A854700CC9A47 /* QuizApp.app */ = {isa = PBXFileReference; explicitFileType = wrapper.application; includeInIndex = 0; path = QuizApp.app; sourceTree = BUILT_PRODUCTS_DIR; };
		FD2405FB298A854700CC9A47 /* QuizAppApp.swift */ = {isa = PBXFileReference; lastKnownFileType = sourcecode.swift; path = QuizAppApp.swift; sourceTree = "<group>"; };
		FD2405FD298A854700CC9A47 /* ContentView.swift */ = {isa = PBXFileReference; lastKnownFileType = sourcecode.swift; path = ContentView.swift; sourceTree = "<group>"; };
		FD2405FF298A854A00CC9A47 /* Assets.xcassets */ = {isa = PBXFileReference; lastKnownFileType = folder.assetcatalog; path = Assets.xcassets; sourceTree = "<group>"; };
		FD240602298A854A00CC9A47 /* Preview Assets.xcassets */ = {isa = PBXFileReference; lastKnownFileType = folder.assetcatalog; path = "Preview Assets.xcassets"; sourceTree = "<group>"; };
		FD240609298A89A100CC9A47 /* GoogleService-Info.plist */ = {isa = PBXFileReference; fileEncoding = 4; lastKnownFileType = text.plist.xml; path = "GoogleService-Info.plist"; sourceTree = "<group>"; };
		FD240614298A991900CC9A47 /* Home.swift */ = {isa = PBXFileReference; lastKnownFileType = sourcecode.swift; path = Home.swift; sourceTree = "<group>"; };
		FD240616298A993000CC9A47 /* Info.swift */ = {isa = PBXFileReference; lastKnownFileType = sourcecode.swift; path = Info.swift; sourceTree = "<group>"; };
		FDB863E2298A9F91005A1EC7 /* Question.swift */ = {isa = PBXFileReference; lastKnownFileType = sourcecode.swift; path = Question.swift; sourceTree = "<group>"; };
		FDB863E4298AAF23005A1EC7 /* QuestionsView.swift */ = {isa = PBXFileReference; lastKnownFileType = sourcecode.swift; path = QuestionsView.swift; sourceTree = "<group>"; };
		FDB863E7298BBA2E005A1EC7 /* CustomButton.swift */ = {isa = PBXFileReference; lastKnownFileType = sourcecode.swift; path = CustomButton.swift; sourceTree = "<group>"; };
/* End PBXFileReference section */

/* Begin PBXFrameworksBuildPhase section */
		FD2405F5298A854700CC9A47 /* Frameworks */ = {
			isa = PBXFrameworksBuildPhase;
			buildActionMask = 2147483647;
			files = (
				FD24060D298A950900CC9A47 /* FirebaseAuth in Frameworks */,
				FD24060F298A950900CC9A47 /* FirebaseFirestore in Frameworks */,
				FD240611298A950900CC9A47 /* FirebaseFirestoreSwift in Frameworks */,
			);
			runOnlyForDeploymentPostprocessing = 0;
		};
/* End PBXFrameworksBuildPhase section */

/* Begin PBXGroup section */
		FD2405EF298A854700CC9A47 = {
			isa = PBXGroup;
			children = (
				FD2405FA298A854700CC9A47 /* QuizApp */,
				FD2405F9298A854700CC9A47 /* Products */,
			);
			sourceTree = "<group>";
		};
		FD2405F9298A854700CC9A47 /* Products */ = {
			isa = PBXGroup;
			children = (
				FD2405F8298A854700CC9A47 /* QuizApp.app */,
			);
			name = Products;
			sourceTree = "<group>";
		};
		FD2405FA298A854700CC9A47 /* QuizApp */ = {
			isa = PBXGroup;
			children = (
				FD2405FB298A854700CC9A47 /* QuizAppApp.swift */,
				FD2405FD298A854700CC9A47 /* ContentView.swift */,
				FDB863E6298BBA10005A1EC7 /* Components */,
				FD240613298A990600CC9A47 /* Model */,
				FD240612298A990200CC9A47 /* View */,
				FD2405FF298A854A00CC9A47 /* Assets.xcassets */,
				FD240609298A89A100CC9A47 /* GoogleService-Info.plist */,
				FD240601298A854A00CC9A47 /* Preview Content */,
			);
			path = QuizApp;
			sourceTree = "<group>";
		};
		FD240601298A854A00CC9A47 /* Preview Content */ = {
			isa = PBXGroup;
			children = (
				FD240602298A854A00CC9A47 /* Preview Assets.xcassets */,
			);
			path = "Preview Content";
			sourceTree = "<group>";
		};
		FD240612298A990200CC9A47 /* View */ = {
			isa = PBXGroup;
			children = (
				FD240614298A991900CC9A47 /* Home.swift */,
				FDB863E4298AAF23005A1EC7 /* QuestionsView.swift */,
			);
			path = View;
			sourceTree = "<group>";
		};
		FD240613298A990600CC9A47 /* Model */ = {
			isa = PBXGroup;
			children = (
				FD240616298A993000CC9A47 /* Info.swift */,
				FDB863E2298A9F91005A1EC7 /* Question.swift */,
			);
			path = Model;
			sourceTree = "<group>";
		};
		FDB863E6298BBA10005A1EC7 /* Components */ = {
			isa = PBXGroup;
			children = (
				FDB863E7298BBA2E005A1EC7 /* CustomButton.swift */,
			);
			path = Components;
			sourceTree = "<group>";
		};
/* End PBXGroup section */

/* Begin PBXNativeTarget section */
		FD2405F7298A854700CC9A47 /* QuizApp */ = {
			isa = PBXNativeTarget;
			buildConfigurationList = FD240606298A854A00CC9A47 /* Build configuration list for PBXNativeTarget "QuizApp" */;
			buildPhases = (
				FD2405F4298A854700CC9A47 /* Sources */,
				FD2405F5298A854700CC9A47 /* Frameworks */,
				FD2405F6298A854700CC9A47 /* Resources */,
			);
			buildRules = (
			);
			dependencies = (
			);
			name = QuizApp;
			packageProductDependencies = (
				FD24060C298A950900CC9A47 /* FirebaseAuth */,
				FD24060E298A950900CC9A47 /* FirebaseFirestore */,
				FD240610298A950900CC9A47 /* FirebaseFirestoreSwift */,
			);
			productName = QuizApp;
			productReference = FD2405F8298A854700CC9A47 /* QuizApp.app */;
			productType = "com.apple.product-type.application";
		};
/* End PBXNativeTarget section */

/* Begin PBXProject section */
		FD2405F0298A854700CC9A47 /* Project object */ = {
			isa = PBXProject;
			attributes = {
				BuildIndependentTargetsInParallel = 1;
				LastSwiftUpdateCheck = 1420;
				LastUpgradeCheck = 1420;
				TargetAttributes = {
					FD2405F7298A854700CC9A47 = {
						CreatedOnToolsVersion = 14.2;
					};
				};
			};
			buildConfigurationList = FD2405F3298A854700CC9A47 /* Build configuration list for PBXProject "QuizApp" */;
			compatibilityVersion = "Xcode 14.0";
			developmentRegion = en;
			hasScannedForEncodings = 0;
			knownRegions = (
				en,
				Base,
			);
			mainGroup = FD2405EF298A854700CC9A47;
			packageReferences = (
				FD24060B298A950900CC9A47 /* XCRemoteSwiftPackageReference "firebase-ios-sdk" */,
			);
			productRefGroup = FD2405F9298A854700CC9A47 /* Products */;
			projectDirPath = "";
			projectRoot = "";
			targets = (
				FD2405F7298A854700CC9A47 /* QuizApp */,
			);
		};
/* End PBXProject section */

/* Begin PBXResourcesBuildPhase section */
		FD2405F6298A854700CC9A47 /* Resources */ = {
			isa = PBXResourcesBuildPhase;
			buildActionMask = 2147483647;
			files = (
				FD240603298A854A00CC9A47 /* Preview Assets.xcassets in Resources */,
				FD240600298A854A00CC9A47 /* Assets.xcassets in Resources */,
				FD24060A298A89A200CC9A47 /* GoogleService-Info.plist in Resources */,
			);
			runOnlyForDeploymentPostprocessing = 0;
		};
/* End PBXResourcesBuildPhase section */

/* Begin PBXSourcesBuildPhase section */
		FD2405F4298A854700CC9A47 /* Sources */ = {
			isa = PBXSourcesBuildPhase;
			buildActionMask = 2147483647;
			files = (
				FDB863E3298A9F91005A1EC7 /* Question.swift in Sources */,
				FD2405FE298A854700CC9A47 /* ContentView.swift in Sources */,
				FDB863E5298AAF23005A1EC7 /* QuestionsView.swift in Sources */,
				FD240617298A993000CC9A47 /* Info.swift in Sources */,
				FDB863E8298BBA2E005A1EC7 /* CustomButton.swift in Sources */,
				FD240615298A991900CC9A47 /* Home.swift in Sources */,
				FD2405FC298A854700CC9A47 /* QuizAppApp.swift in Sources */,
			);
			runOnlyForDeploymentPostprocessing = 0;
		};
/* End PBXSourcesBuildPhase section */

/* Begin XCBuildConfiguration section */
		FD240604298A854A00CC9A47 /* Debug */ = {
			isa = XCBuildConfiguration;
			buildSettings = {
				ALWAYS_SEARCH_USER_PATHS = NO;
				CLANG_ANALYZER_NONNULL = YES;
				CLANG_ANALYZER_NUMBER_OBJECT_CONVERSION = YES_AGGRESSIVE;
				CLANG_CXX_LANGUAGE_STANDARD = "gnu++20";
				CLANG_ENABLE_MODULES = YES;
				CLANG_ENABLE_OBJC_ARC = YES;
				CLANG_ENABLE_OBJC_WEAK = YES;
				CLANG_WARN_BLOCK_CAPTURE_AUTORELEASING = YES;
				CLANG_WARN_BOOL_CONVERSION = YES;
				CLANG_WARN_COMMA = YES;
				CLANG_WARN_CONSTANT_CONVERSION = YES;
				CLANG_WARN_DEPRECATED_OBJC_IMPLEMENTATIONS = YES;
				CLANG_WARN_DIRECT_OBJC_ISA_USAGE = YES_ERROR;
				CLANG_WARN_DOCUMENTATION_COMMENTS = YES;
				CLANG_WARN_EMPTY_BODY = YES;
				CLANG_WARN_ENUM_CONVERSION = YES;
				CLANG_WARN_INFINITE_RECURSION = YES;
				CLANG_WARN_INT_CONVERSION = YES;
				CLANG_WARN_NON_LITERAL_NULL_CONVERSION = YES;
				CLANG_WARN_OBJC_IMPLICIT_RETAIN_SELF = YES;
				CLANG_WARN_OBJC_LITERAL_CONVERSION = YES;
				CLANG_WARN_OBJC_ROOT_CLASS = YES_ERROR;
				CLANG_WARN_QUOTED_INCLUDE_IN_FRAMEWORK_HEADER = YES;
				CLANG_WARN_RANGE_LOOP_ANALYSIS = YES;
				CLANG_WARN_STRICT_PROTOTYPES = YES;
				CLANG_WARN_SUSPICIOUS_MOVE = YES;
				CLANG_WARN_UNGUARDED_AVAILABILITY = YES_AGGRESSIVE;
				CLANG_WARN_UNREACHABLE_CODE = YES;
				CLANG_WARN__DUPLICATE_METHOD_MATCH = YES;
				COPY_PHASE_STRIP = NO;
				DEBUG_INFORMATION_FORMAT = dwarf;
				ENABLE_STRICT_OBJC_MSGSEND = YES;
				ENABLE_TESTABILITY = YES;
				GCC_C_LANGUAGE_STANDARD = gnu11;
				GCC_DYNAMIC_NO_PIC = NO;
				GCC_NO_COMMON_BLOCKS = YES;
				GCC_OPTIMIZATION_LEVEL = 0;
				GCC_PREPROCESSOR_DEFINITIONS = (
					"DEBUG=1",
					"$(inherited)",
				);
				GCC_WARN_64_TO_32_BIT_CONVERSION = YES;
				GCC_WARN_ABOUT_RETURN_TYPE = YES_ERROR;
				GCC_WARN_UNDECLARED_SELECTOR = YES;
				GCC_WARN_UNINITIALIZED_AUTOS = YES_AGGRESSIVE;
				GCC_WARN_UNUSED_FUNCTION = YES;
				GCC_WARN_UNUSED_VARIABLE = YES;
				IPHONEOS_DEPLOYMENT_TARGET = 16.2;
				MTL_ENABLE_DEBUG_INFO = INCLUDE_SOURCE;
				MTL_FAST_MATH = YES;
				ONLY_ACTIVE_ARCH = YES;
				SDKROOT = iphoneos;
				SWIFT_ACTIVE_COMPILATION_CONDITIONS = DEBUG;
				SWIFT_OPTIMIZATION_LEVEL = "-Onone";
			};
			name = Debug;
		};
		FD240605298A854A00CC9A47 /* Release */ = {
			isa = XCBuildConfiguration;
			buildSettings = {
				ALWAYS_SEARCH_USER_PATHS = NO;
				CLANG_ANALYZER_NONNULL = YES;
				CLANG_ANALYZER_NUMBER_OBJECT_CONVERSION = YES_AGGRESSIVE;
				CLANG_CXX_LANGUAGE_STANDARD = "gnu++20";
				CLANG_ENABLE_MODULES = YES;
				CLANG_ENABLE_OBJC_ARC = YES;
				CLANG_ENABLE_OBJC_WEAK = YES;
				CLANG_WARN_BLOCK_CAPTURE_AUTORELEASING = YES;
				CLANG_WARN_BOOL_CONVERSION = YES;
				CLANG_WARN_COMMA = YES;
				CLANG_WARN_CONSTANT_CONVERSION = YES;
				CLANG_WARN_DEPRECATED_OBJC_IMPLEMENTATIONS = YES;
				CLANG_WARN_DIRECT_OBJC_ISA_USAGE = YES_ERROR;
				CLANG_WARN_DOCUMENTATION_COMMENTS = YES;
				CLANG_WARN_EMPTY_BODY = YES;
				CLANG_WARN_ENUM_CONVERSION = YES;
				CLANG_WARN_INFINITE_RECURSION = YES;
				CLANG_WARN_INT_CONVERSION = YES;
				CLANG_WARN_NON_LITERAL_NULL_CONVERSION = YES;
				CLANG_WARN_OBJC_IMPLICIT_RETAIN_SELF = YES;
				CLANG_WARN_OBJC_LITERAL_CONVERSION = YES;
				CLANG_WARN_OBJC_ROOT_CLASS = YES_ERROR;
				CLANG_WARN_QUOTED_INCLUDE_IN_FRAMEWORK_HEADER = YES;
				CLANG_WARN_RANGE_LOOP_ANALYSIS = YES;
				CLANG_WARN_STRICT_PROTOTYPES = YES;
				CLANG_WARN_SUSPICIOUS_MOVE = YES;
				CLANG_WARN_UNGUARDED_AVAILABILITY = YES_AGGRESSIVE;
				CLANG_WARN_UNREACHABLE_CODE = YES;
				CLANG_WARN__DUPLICATE_METHOD_MATCH = YES;
				COPY_PHASE_STRIP = NO;
				DEBUG_INFORMATION_FORMAT = "dwarf-with-dsym";
				ENABLE_NS_ASSERTIONS = NO;
				ENABLE_STRICT_OBJC_MSGSEND = YES;
				GCC_C_LANGUAGE_STANDARD = gnu11;
				GCC_NO_COMMON_BLOCKS = YES;
				GCC_WARN_64_TO_32_BIT_CONVERSION = YES;
				GCC_WARN_ABOUT_RETURN_TYPE = YES_ERROR;
				GCC_WARN_UNDECLARED_SELECTOR = YES;
				GCC_WARN_UNINITIALIZED_AUTOS = YES_AGGRESSIVE;
				GCC_WARN_UNUSED_FUNCTION = YES;
				GCC_WARN_UNUSED_VARIABLE = YES;
				IPHONEOS_DEPLOYMENT_TARGET = 16.2;
				MTL_ENABLE_DEBUG_INFO = NO;
				MTL_FAST_MATH = YES;
				SDKROOT = iphoneos;
				SWIFT_COMPILATION_MODE = wholemodule;
				SWIFT_OPTIMIZATION_LEVEL = "-O";
				VALIDATE_PRODUCT = YES;
			};
			name = Release;
		};
		FD240607298A854A00CC9A47 /* Debug */ = {
			isa = XCBuildConfiguration;
			buildSettings = {
				ASSETCATALOG_COMPILER_APPICON_NAME = AppIcon;
				ASSETCATALOG_COMPILER_GLOBAL_ACCENT_COLOR_NAME = AccentColor;
				CODE_SIGN_STYLE = Automatic;
				CURRENT_PROJECT_VERSION = 1;
				DEVELOPMENT_ASSET_PATHS = "\"QuizApp/Preview Content\"";
				DEVELOPMENT_TEAM = XP6V4T4UU6;
				ENABLE_PREVIEWS = YES;
				GENERATE_INFOPLIST_FILE = YES;
				INFOPLIST_KEY_UIApplicationSceneManifest_Generation = YES;
				INFOPLIST_KEY_UIApplicationSupportsIndirectInputEvents = YES;
				INFOPLIST_KEY_UILaunchScreen_Generation = YES;
				INFOPLIST_KEY_UISupportedInterfaceOrientations_iPad = "UIInterfaceOrientationPortrait UIInterfaceOrientationPortraitUpsideDown UIInterfaceOrientationLandscapeLeft UIInterfaceOrientationLandscapeRight";
				INFOPLIST_KEY_UISupportedInterfaceOrientations_iPhone = "UIInterfaceOrientationPortrait UIInterfaceOrientationLandscapeLeft UIInterfaceOrientationLandscapeRight";
				INFOPLIST_KEY_UIUserInterfaceStyle = Light;
				LD_RUNPATH_SEARCH_PATHS = (
					"$(inherited)",
					"@executable_path/Frameworks",
				);
				MARKETING_VERSION = 1.0;
				PRODUCT_BUNDLE_IDENTIFIER = com.blacenova.QuizApp;
				PRODUCT_NAME = "$(TARGET_NAME)";
				SWIFT_EMIT_LOC_STRINGS = YES;
				SWIFT_VERSION = 5.0;
				TARGETED_DEVICE_FAMILY = "1,2";
			};
			name = Debug;
		};
		FD240608298A854A00CC9A47 /* Release */ = {
			isa = XCBuildConfiguration;
			buildSettings = {
				ASSETCATALOG_COMPILER_APPICON_NAME = AppIcon;
				ASSETCATALOG_COMPILER_GLOBAL_ACCENT_COLOR_NAME = AccentColor;
				CODE_SIGN_STYLE = Automatic;
				CURRENT_PROJECT_VERSION = 1;
				DEVELOPMENT_ASSET_PATHS = "\"QuizApp/Preview Content\"";
				DEVELOPMENT_TEAM = XP6V4T4UU6;
				ENABLE_PREVIEWS = YES;
				GENERATE_INFOPLIST_FILE = YES;
				INFOPLIST_KEY_UIApplicationSceneManifest_Generation = YES;
				INFOPLIST_KEY_UIApplicationSupportsIndirectInputEvents = YES;
				INFOPLIST_KEY_UILaunchScreen_Generation = YES;
				INFOPLIST_KEY_UISupportedInterfaceOrientations_iPad = "UIInterfaceOrientationPortrait UIInterfaceOrientationPortraitUpsideDown UIInterfaceOrientationLandscapeLeft UIInterfaceOrientationLandscapeRight";
				INFOPLIST_KEY_UISupportedInterfaceOrientations_iPhone = "UIInterfaceOrientationPortrait UIInterfaceOrientationLandscapeLeft UIInterfaceOrientationLandscapeRight";
				INFOPLIST_KEY_UIUserInterfaceStyle = Light;
				LD_RUNPATH_SEARCH_PATHS = (
					"$(inherited)",
					"@executable_path/Frameworks",
				);
				MARKETING_VERSION = 1.0;
				PRODUCT_BUNDLE_IDENTIFIER = com.blacenova.QuizApp;
				PRODUCT_NAME = "$(TARGET_NAME)";
				SWIFT_EMIT_LOC_STRINGS = YES;
				SWIFT_VERSION = 5.0;
				TARGETED_DEVICE_FAMILY = "1,2";
			};
			name = Release;
		};
/* End XCBuildConfiguration section */

/* Begin XCConfigurationList section */
		FD2405F3298A854700CC9A47 /* Build configuration list for PBXProject "QuizApp" */ = {
			isa = XCConfigurationList;
			buildConfigurations = (
				FD240604298A854A00CC9A47 /* Debug */,
				FD240605298A854A00CC9A47 /* Release */,
			);
			defaultConfigurationIsVisible = 0;
			defaultConfigurationName = Release;
		};
		FD240606298A854A00CC9A47 /* Build configuration list for PBXNativeTarget "QuizApp" */ = {
			isa = XCConfigurationList;
			buildConfigurations = (
				FD240607298A854A00CC9A47 /* Debug */,
				FD240608298A854A00CC9A47 /* Release */,
			);
			defaultConfigurationIsVisible = 0;
			defaultConfigurationName = Release;
		};
/* End XCConfigurationList section */

/* Begin XCRemoteSwiftPackageReference section */
		FD24060B298A950900CC9A47 /* XCRemoteSwiftPackageReference "firebase-ios-sdk" */ = {
			isa = XCRemoteSwiftPackageReference;
			repositoryURL = "https://github.com/firebase/firebase-ios-sdk";
			requirement = {
				kind = upToNextMajorVersion;
				minimumVersion = 9.0.0;
			};
		};
/* End XCRemoteSwiftPackageReference section */

/* Begin XCSwiftPackageProductDependency section */
		FD24060C298A950900CC9A47 /* FirebaseAuth */ = {
			isa = XCSwiftPackageProductDependency;
			package = FD24060B298A950900CC9A47 /* XCRemoteSwiftPackageReference "firebase-ios-sdk" */;
			productName = FirebaseAuth;
		};
		FD24060E298A950900CC9A47 /* FirebaseFirestore */ = {
			isa = XCSwiftPackageProductDependency;
			package = FD24060B298A950900CC9A47 /* XCRemoteSwiftPackageReference "firebase-ios-sdk" */;
			productName = FirebaseFirestore;
		};
		FD240610298A950900CC9A47 /* FirebaseFirestoreSwift */ = {
			isa = XCSwiftPackageProductDependency;
			package = FD24060B298A950900CC9A47 /* XCRemoteSwiftPackageReference "firebase-ios-sdk" */;
			productName = FirebaseFirestoreSwift;
		};
/* End XCSwiftPackageProductDependency section */
	};
	rootObject = FD2405F0298A854700CC9A47 /* Project object */;
}
